
Microsoft Visual Studio Solution File, Format Version 12.00
Project("{FAE04EC0-301F-11D3-BF4B-00C04F79EFBC}") = "BetterConsole", "BetterConsole\BetterConsole.csproj", "{BDB792E1-F582-4989-BA5D-256CDD99EC54}"
EndProject
Global
	GlobalSection(SolutionConfigurationPlatforms) = preSolution
		Debug|Any CPU = Debug|Any CPU
		Release|Any CPU = Release|Any CPU
	EndGlobalSection
	GlobalSection(ProjectConfigurationPlatforms) = postSolution
		{BDB792E1-F582-4989-BA5D-256CDD99EC54}.Debug|Any CPU.ActiveCfg = Debug|Any CPU
		{BDB792E1-F582-4989-BA5D-256CDD99EC54}.Debug|Any CPU.Build.0 = Debug|Any CPU
		{BDB792E1-F582-4989-BA5D-256CDD99EC54}.Release|Any CPU.ActiveCfg = Release|Any CPU
		{BDB792E1-F582-4989-BA5D-256CDD99EC54}.Release|Any CPU.Build.0 = Release|Any CPU
	EndGlobalSection
EndGlobal
